
Microsoft Visual Studio Solution File, Format Version 12.00
# Visual Studio Version 16
VisualStudioVersion = 16.0.29001.49
MinimumVisualStudioVersion = 10.0.40219.1
Project("{2150E333-8FDC-42A3-9474-1A3956D46DE8}") = "src", "src", "{FDFA3B20-C112-4A05-A5D5-8749292BDD0E}"
EndProject
Project("{2150E333-8FDC-42A3-9474-1A3956D46DE8}") = "test", "test", "{71E39550-B61C-48EA-B352-C7D1A0CCA55E}"
EndProject
Project("{2150E333-8FDC-42A3-9474-1A3956D46DE8}") = "Services", "Services", "{EDE91727-4609-4023-B703-0842CF0E6116}"
EndProject
Project("{2150E333-8FDC-42A3-9474-1A3956D46DE8}") = "Identity", "Identity", "{09BD1FE0-94A8-4935-B5B3-0DC5EB15D5EF}"
EndProject
Project("{9A19103F-16F7-4668-BE54-9A1E7A4F7556}") = "Identity.WebApi", "src\Services\Identity\Identity.WebApi\Identity.WebApi.csproj", "{2281C96F-5175-464A-9E3D-F903680D5574}"
	ProjectSection(ProjectDependencies) = postProject
		{7112868E-012A-448B-83FC-A2CEAC893DAB} = {7112868E-012A-448B-83FC-A2CEAC893DAB}
		{F53CFB99-F21C-4100-82D3-785E8B17C238} = {F53CFB99-F21C-4100-82D3-785E8B17C238}
		{C8E6E2DD-86C4-4426-935A-707686A7A334} = {C8E6E2DD-86C4-4426-935A-707686A7A334}
	EndProjectSection
EndProject
Project("{2150E333-8FDC-42A3-9474-1A3956D46DE8}") = "App", "App", "{AAC11305-8C52-4153-A6CD-BCB2145D24EE}"
EndProject
Project("{2150E333-8FDC-42A3-9474-1A3956D46DE8}") = "Framework", "Framework", "{95A25688-BEB2-42D8-84AC-AE9344004277}"
EndProject
Project("{2150E333-8FDC-42A3-9474-1A3956D46DE8}") = "Gateway", "Gateway", "{942263D7-4089-4D95-AAFC-3D7A847C98EC}"
EndProject
Project("{9A19103F-16F7-4668-BE54-9A1E7A4F7556}") = "Users.Framework", "src\Framework\Users.Framework\Users.Framework.csproj", "{F53CFB99-F21C-4100-82D3-785E8B17C238}"
EndProject
Project("{9A19103F-16F7-4668-BE54-9A1E7A4F7556}") = "Article.WebAPI", "src\Services\Article\Article.WebAPI\Article.WebAPI.csproj", "{BB728D8E-AD21-4E2D-93C4-1BB9688E96B2}"
	ProjectSection(ProjectDependencies) = postProject
		{2281C96F-5175-464A-9E3D-F903680D5574} = {2281C96F-5175-464A-9E3D-F903680D5574}
		{4946748E-6B51-45F2-A4BA-9A90C9919423} = {4946748E-6B51-45F2-A4BA-9A90C9919423}
		{7112868E-012A-448B-83FC-A2CEAC893DAB} = {7112868E-012A-448B-83FC-A2CEAC893DAB}
		{F53CFB99-F21C-4100-82D3-785E8B17C238} = {F53CFB99-F21C-4100-82D3-785E8B17C238}
		{8BEE22B5-CB72-4665-89CC-E3E72045D218} = {8BEE22B5-CB72-4665-89CC-E3E72045D218}
		{C8E6E2DD-86C4-4426-935A-707686A7A334} = {C8E6E2DD-86C4-4426-935A-707686A7A334}
	EndProjectSection
EndProject
Project("{2150E333-8FDC-42A3-9474-1A3956D46DE8}") = "Article", "Article", "{F3D269B8-B4BB-4ADE-BE67-AD5A1DB9F862}"
EndProject
Project("{9A19103F-16F7-4668-BE54-9A1E7A4F7556}") = "Article.Framework", "src\Framework\Article.Framework\Article.Framework.csproj", "{7112868E-012A-448B-83FC-A2CEAC893DAB}"
EndProject
Project("{9A19103F-16F7-4668-BE54-9A1E7A4F7556}") = "Gateway.WebApi", "src\Gateway\Gateway.WebApi\Gateway.WebApi.csproj", "{4946748E-6B51-45F2-A4BA-9A90C9919423}"
EndProject
Project("{9A19103F-16F7-4668-BE54-9A1E7A4F7556}") = "Article.WebApp", "src\App\Article.WebApp\Article.WebApp.csproj", "{8BEE22B5-CB72-4665-89CC-E3E72045D218}"
EndProject
Project("{9A19103F-16F7-4668-BE54-9A1E7A4F7556}") = "Unititi.Framework", "src\Framework\Unititi.Framework\Unititi.Framework.csproj", "{C8E6E2DD-86C4-4426-935A-707686A7A334}"
EndProject
Global
	GlobalSection(SolutionConfigurationPlatforms) = preSolution
		Debug|Any CPU = Debug|Any CPU
		Release|Any CPU = Release|Any CPU
	EndGlobalSection
	GlobalSection(ProjectConfigurationPlatforms) = postSolution
		{2281C96F-5175-464A-9E3D-F903680D5574}.Debug|Any CPU.ActiveCfg = Debug|Any CPU
		{2281C96F-5175-464A-9E3D-F903680D5574}.Debug|Any CPU.Build.0 = Debug|Any CPU
		{2281C96F-5175-464A-9E3D-F903680D5574}.Release|Any CPU.ActiveCfg = Release|Any CPU
		{2281C96F-5175-464A-9E3D-F903680D5574}.Release|Any CPU.Build.0 = Release|Any CPU
		{F53CFB99-F21C-4100-82D3-785E8B17C238}.Debug|Any CPU.ActiveCfg = Debug|Any CPU
		{F53CFB99-F21C-4100-82D3-785E8B17C238}.Debug|Any CPU.Build.0 = Debug|Any CPU
		{F53CFB99-F21C-4100-82D3-785E8B17C238}.Release|Any CPU.ActiveCfg = Release|Any CPU
		{F53CFB99-F21C-4100-82D3-785E8B17C238}.Release|Any CPU.Build.0 = Release|Any CPU
		{BB728D8E-AD21-4E2D-93C4-1BB9688E96B2}.Debug|Any CPU.ActiveCfg = Debug|Any CPU
		{BB728D8E-AD21-4E2D-93C4-1BB9688E96B2}.Debug|Any CPU.Build.0 = Debug|Any CPU
		{BB728D8E-AD21-4E2D-93C4-1BB9688E96B2}.Release|Any CPU.ActiveCfg = Release|Any CPU
		{BB728D8E-AD21-4E2D-93C4-1BB9688E96B2}.Release|Any CPU.Build.0 = Release|Any CPU
		{7112868E-012A-448B-83FC-A2CEAC893DAB}.Debug|Any CPU.ActiveCfg = Debug|Any CPU
		{7112868E-012A-448B-83FC-A2CEAC893DAB}.Debug|Any CPU.Build.0 = Debug|Any CPU
		{7112868E-012A-448B-83FC-A2CEAC893DAB}.Release|Any CPU.ActiveCfg = Release|Any CPU
		{7112868E-012A-448B-83FC-A2CEAC893DAB}.Release|Any CPU.Build.0 = Release|Any CPU
		{4946748E-6B51-45F2-A4BA-9A90C9919423}.Debug|Any CPU.ActiveCfg = Debug|Any CPU
		{4946748E-6B51-45F2-A4BA-9A90C9919423}.Debug|Any CPU.Build.0 = Debug|Any CPU
		{4946748E-6B51-45F2-A4BA-9A90C9919423}.Release|Any CPU.ActiveCfg = Release|Any CPU
		{4946748E-6B51-45F2-A4BA-9A90C9919423}.Release|Any CPU.Build.0 = Release|Any CPU
		{8BEE22B5-CB72-4665-89CC-E3E72045D218}.Debug|Any CPU.ActiveCfg = Debug|Any CPU
		{8BEE22B5-CB72-4665-89CC-E3E72045D218}.Debug|Any CPU.Build.0 = Debug|Any CPU
		{8BEE22B5-CB72-4665-89CC-E3E72045D218}.Release|Any CPU.ActiveCfg = Release|Any CPU
		{8BEE22B5-CB72-4665-89CC-E3E72045D218}.Release|Any CPU.Build.0 = Release|Any CPU
		{C8E6E2DD-86C4-4426-935A-707686A7A334}.Debug|Any CPU.ActiveCfg = Debug|Any CPU
		{C8E6E2DD-86C4-4426-935A-707686A7A334}.Debug|Any CPU.Build.0 = Debug|Any CPU
		{C8E6E2DD-86C4-4426-935A-707686A7A334}.Release|Any CPU.ActiveCfg = Release|Any CPU
		{C8E6E2DD-86C4-4426-935A-707686A7A334}.Release|Any CPU.Build.0 = Release|Any CPU
	EndGlobalSection
	GlobalSection(SolutionProperties) = preSolution
		HideSolutionNode = FALSE
	EndGlobalSection
	GlobalSection(NestedProjects) = preSolution
		{EDE91727-4609-4023-B703-0842CF0E6116} = {FDFA3B20-C112-4A05-A5D5-8749292BDD0E}
		{09BD1FE0-94A8-4935-B5B3-0DC5EB15D5EF} = {EDE91727-4609-4023-B703-0842CF0E6116}
		{2281C96F-5175-464A-9E3D-F903680D5574} = {09BD1FE0-94A8-4935-B5B3-0DC5EB15D5EF}
		{AAC11305-8C52-4153-A6CD-BCB2145D24EE} = {FDFA3B20-C112-4A05-A5D5-8749292BDD0E}
		{95A25688-BEB2-42D8-84AC-AE9344004277} = {FDFA3B20-C112-4A05-A5D5-8749292BDD0E}
		{942263D7-4089-4D95-AAFC-3D7A847C98EC} = {FDFA3B20-C112-4A05-A5D5-8749292BDD0E}
		{F53CFB99-F21C-4100-82D3-785E8B17C238} = {95A25688-BEB2-42D8-84AC-AE9344004277}
		{BB728D8E-AD21-4E2D-93C4-1BB9688E96B2} = {F3D269B8-B4BB-4ADE-BE67-AD5A1DB9F862}
		{F3D269B8-B4BB-4ADE-BE67-AD5A1DB9F862} = {EDE91727-4609-4023-B703-0842CF0E6116}
		{7112868E-012A-448B-83FC-A2CEAC893DAB} = {95A25688-BEB2-42D8-84AC-AE9344004277}
		{4946748E-6B51-45F2-A4BA-9A90C9919423} = {942263D7-4089-4D95-AAFC-3D7A847C98EC}
		{8BEE22B5-CB72-4665-89CC-E3E72045D218} = {AAC11305-8C52-4153-A6CD-BCB2145D24EE}
		{C8E6E2DD-86C4-4426-935A-707686A7A334} = {95A25688-BEB2-42D8-84AC-AE9344004277}
	EndGlobalSection
	GlobalSection(ExtensibilityGlobals) = postSolution
		SolutionGuid = {93AABF23-4C58-4697-8AD1-9247618EC7C6}
	EndGlobalSection
EndGlobal
